// !$*UTF8*$!
{
	archiveVersion = 1;
	classes = {
	};
	objectVersion = 46;
	objects = {

/* Begin PBXBuildFile section */
		0C9867BFA59869B24D3C229D /* Pods_Flicks.framework in Frameworks */ = {isa = PBXBuildFile; fileRef = 45C99C459FC87735493CF866 /* Pods_Flicks.framework */; };
		891CE3241E4A97F1002F006B /* movieVC.swift in Sources */ = {isa = PBXBuildFile; fileRef = 891CE3231E4A97F1002F006B /* movieVC.swift */; };
		893C5EB91E415337000379EF /* AppDelegate.swift in Sources */ = {isa = PBXBuildFile; fileRef = 893C5EB81E415337000379EF /* AppDelegate.swift */; };
		893C5EBE1E415337000379EF /* Main.storyboard in Resources */ = {isa = PBXBuildFile; fileRef = 893C5EBC1E415337000379EF /* Main.storyboard */; };
		893C5EC11E415337000379EF /* Flicks.xcdatamodeld in Sources */ = {isa = PBXBuildFile; fileRef = 893C5EBF1E415337000379EF /* Flicks.xcdatamodeld */; };
		893C5EC31E415337000379EF /* Assets.xcassets in Resources */ = {isa = PBXBuildFile; fileRef = 893C5EC21E415337000379EF /* Assets.xcassets */; };
		893C5EC61E415337000379EF /* LaunchScreen.storyboard in Resources */ = {isa = PBXBuildFile; fileRef = 893C5EC41E415337000379EF /* LaunchScreen.storyboard */; };
		893C5ECE1E4154AC000379EF /* MoviesViewController.swift in Sources */ = {isa = PBXBuildFile; fileRef = 893C5ECD1E4154AC000379EF /* MoviesViewController.swift */; };
		893C5ED11E42E13B000379EF /* MovieCell.swift in Sources */ = {isa = PBXBuildFile; fileRef = 893C5ED01E42E13B000379EF /* MovieCell.swift */; };
/* End PBXBuildFile section */

/* Begin PBXFileReference section */
		45C99C459FC87735493CF866 /* Pods_Flicks.framework */ = {isa = PBXFileReference; explicitFileType = wrapper.framework; includeInIndex = 0; path = Pods_Flicks.framework; sourceTree = BUILT_PRODUCTS_DIR; };
		891CE3231E4A97F1002F006B /* movieVC.swift */ = {isa = PBXFileReference; fileEncoding = 4; lastKnownFileType = sourcecode.swift; path = movieVC.swift; sourceTree = "<group>"; };
		893C5EB51E415337000379EF /* Flicks.app */ = {isa = PBXFileReference; explicitFileType = wrapper.application; includeInIndex = 0; path = Flicks.app; sourceTree = BUILT_PRODUCTS_DIR; };
		893C5EB81E415337000379EF /* AppDelegate.swift */ = {isa = PBXFileReference; lastKnownFileType = sourcecode.swift; path = AppDelegate.swift; sourceTree = "<group>"; };
		893C5EBD1E415337000379EF /* Base */ = {isa = PBXFileReference; lastKnownFileType = file.storyboard; name = Base; path = Base.lproj/Main.storyboard; sourceTree = "<group>"; };
		893C5EC01E415337000379EF /* Flicks.xcdatamodel */ = {isa = PBXFileReference; lastKnownFileType = wrapper.xcdatamodel; path = Flicks.xcdatamodel; sourceTree = "<group>"; };
		893C5EC21E415337000379EF /* Assets.xcassets */ = {isa = PBXFileReference; lastKnownFileType = folder.assetcatalog; path = Assets.xcassets; sourceTree = "<group>"; };
		893C5EC51E415337000379EF /* Base */ = {isa = PBXFileReference; lastKnownFileType = file.storyboard; name = Base; path = Base.lproj/LaunchScreen.storyboard; sourceTree = "<group>"; };
		893C5EC71E415337000379EF /* Info.plist */ = {isa = PBXFileReference; lastKnownFileType = text.plist.xml; path = Info.plist; sourceTree = "<group>"; };
		893C5ECD1E4154AC000379EF /* MoviesViewController.swift */ = {isa = PBXFileReference; fileEncoding = 4; lastKnownFileType = sourcecode.swift; path = MoviesViewController.swift; sourceTree = "<group>"; };
		893C5ED01E42E13B000379EF /* MovieCell.swift */ = {isa = PBXFileReference; fileEncoding = 4; lastKnownFileType = sourcecode.swift; path = MovieCell.swift; sourceTree = "<group>"; };
		8F4A929DF8C701BDFBB27816 /* Pods-Flicks.debug.xcconfig */ = {isa = PBXFileReference; includeInIndex = 1; lastKnownFileType = text.xcconfig; name = "Pods-Flicks.debug.xcconfig"; path = "Pods/Target Support Files/Pods-Flicks/Pods-Flicks.debug.xcconfig"; sourceTree = "<group>"; };
		BD0EE346B2EE76830F913A1A /* Pods-Flicks.release.xcconfig */ = {isa = PBXFileReference; includeInIndex = 1; lastKnownFileType = text.xcconfig; name = "Pods-Flicks.release.xcconfig"; path = "Pods/Target Support Files/Pods-Flicks/Pods-Flicks.release.xcconfig"; sourceTree = "<group>"; };
/* End PBXFileReference section */

/* Begin PBXFrameworksBuildPhase section */
		893C5EB21E415337000379EF /* Frameworks */ = {
			isa = PBXFrameworksBuildPhase;
			buildActionMask = 2147483647;
			files = (
				0C9867BFA59869B24D3C229D /* Pods_Flicks.framework in Frameworks */,
			);
			runOnlyForDeploymentPostprocessing = 0;
		};
/* End PBXFrameworksBuildPhase section */

/* Begin PBXGroup section */
		011CFAC6166088970BE7589D /* Frameworks */ = {
			isa = PBXGroup;
			children = (
				45C99C459FC87735493CF866 /* Pods_Flicks.framework */,
			);
			name = Frameworks;
			sourceTree = "<group>";
		};
		056F71CFE0FE422038DE58B4 /* Pods */ = {
			isa = PBXGroup;
			children = (
				8F4A929DF8C701BDFBB27816 /* Pods-Flicks.debug.xcconfig */,
				BD0EE346B2EE76830F913A1A /* Pods-Flicks.release.xcconfig */,
			);
			name = Pods;
			sourceTree = "<group>";
		};
		893C5EAC1E415337000379EF = {
			isa = PBXGroup;
			children = (
				893C5EB71E415337000379EF /* Flicks */,
				893C5EB61E415337000379EF /* Products */,
				056F71CFE0FE422038DE58B4 /* Pods */,
				011CFAC6166088970BE7589D /* Frameworks */,
			);
			sourceTree = "<group>";
		};
		893C5EB61E415337000379EF /* Products */ = {
			isa = PBXGroup;
			children = (
				893C5EB51E415337000379EF /* Flicks.app */,
			);
			name = Products;
			sourceTree = "<group>";
		};
		893C5EB71E415337000379EF /* Flicks */ = {
			isa = PBXGroup;
			children = (
				893C5ECF1E42E0A2000379EF /* Views */,
				893C5EB81E415337000379EF /* AppDelegate.swift */,
				893C5EBC1E415337000379EF /* Main.storyboard */,
				891CE3231E4A97F1002F006B /* movieVC.swift */,
				893C5ECD1E4154AC000379EF /* MoviesViewController.swift */,
				893C5EC21E415337000379EF /* Assets.xcassets */,
				893C5EC41E415337000379EF /* LaunchScreen.storyboard */,
				893C5EC71E415337000379EF /* Info.plist */,
				893C5EBF1E415337000379EF /* Flicks.xcdatamodeld */,
			);
			path = Flicks;
			sourceTree = "<group>";
		};
		893C5ECF1E42E0A2000379EF /* Views */ = {
			isa = PBXGroup;
			children = (
				893C5ED01E42E13B000379EF /* MovieCell.swift */,
			);
			name = Views;
			sourceTree = "<group>";
		};
/* End PBXGroup section */

/* Begin PBXNativeTarget section */
		893C5EB41E415337000379EF /* Flicks */ = {
			isa = PBXNativeTarget;
			buildConfigurationList = 893C5ECA1E415337000379EF /* Build configuration list for PBXNativeTarget "Flicks" */;
			buildPhases = (
				C9A601AA5CEC6EEE1BE85338 /* [CP] Check Pods Manifest.lock */,
				893C5EB11E415337000379EF /* Sources */,
				893C5EB21E415337000379EF /* Frameworks */,
				893C5EB31E415337000379EF /* Resources */,
				20C12B703E2252565C1862D8 /* [CP] Embed Pods Frameworks */,
				1FD81962553ECD4DFA6CDA51 /* [CP] Copy Pods Resources */,
			);
			buildRules = (
			);
			dependencies = (
			);
			name = Flicks;
			productName = Flicks;
			productReference = 893C5EB51E415337000379EF /* Flicks.app */;
			productType = "com.apple.product-type.application";
		};
/* End PBXNativeTarget section */

/* Begin PBXProject section */
		893C5EAD1E415337000379EF /* Project object */ = {
			isa = PBXProject;
			attributes = {
				LastSwiftUpdateCheck = 0820;
				LastUpgradeCheck = 0820;
				ORGANIZATIONNAME = "Aditya Dhingra";
				TargetAttributes = {
					893C5EB41E415337000379EF = {
						CreatedOnToolsVersion = 8.2.1;
						DevelopmentTeam = WD5637H5AA;
						LastSwiftMigration = 0820;
						ProvisioningStyle = Automatic;
					};
				};
			};
			buildConfigurationList = 893C5EB01E415337000379EF /* Build configuration list for PBXProject "Flicks" */;
			compatibilityVersion = "Xcode 3.2";
			developmentRegion = English;
			hasScannedForEncodings = 0;
			knownRegions = (
				en,
				Base,
			);
			mainGroup = 893C5EAC1E415337000379EF;
			productRefGroup = 893C5EB61E415337000379EF /* Products */;
			projectDirPath = "";
			projectRoot = "";
			targets = (
				893C5EB41E415337000379EF /* Flicks */,
			);
		};
/* End PBXProject section */

/* Begin PBXResourcesBuildPhase section */
		893C5EB31E415337000379EF /* Resources */ = {
			isa = PBXResourcesBuildPhase;
			buildActionMask = 2147483647;
			files = (
				893C5EC61E415337000379EF /* LaunchScreen.storyboard in Resources */,
				893C5EC31E415337000379EF /* Assets.xcassets in Resources */,
				893C5EBE1E415337000379EF /* Main.storyboard in Resources */,
			);
			runOnlyForDeploymentPostprocessing = 0;
		};
/* End PBXResourcesBuildPhase section */

/* Begin PBXShellScriptBuildPhase section */
		1FD81962553ECD4DFA6CDA51 /* [CP] Copy Pods Resources */ = {
			isa = PBXShellScriptBuildPhase;
			buildActionMask = 2147483647;
			files = (
			);
			inputPaths = (
			);
			name = "[CP] Copy Pods Resources";
			outputPaths = (
			);
			runOnlyForDeploymentPostprocessing = 0;
			shellPath = /bin/sh;
			shellScript = "\"${SRCROOT}/Pods/Target Support Files/Pods-Flicks/Pods-Flicks-resources.sh\"\n";
			showEnvVarsInLog = 0;
		};
		20C12B703E2252565C1862D8 /* [CP] Embed Pods Frameworks */ = {
			isa = PBXShellScriptBuildPhase;
			buildActionMask = 2147483647;
			files = (
			);
			inputPaths = (
			);
			name = "[CP] Embed Pods Frameworks";
			outputPaths = (
			);
			runOnlyForDeploymentPostprocessing = 0;
			shellPath = /bin/sh;
			shellScript = "\"${SRCROOT}/Pods/Target Support Files/Pods-Flicks/Pods-Flicks-frameworks.sh\"\n";
			showEnvVarsInLog = 0;
		};
		C9A601AA5CEC6EEE1BE85338 /* [CP] Check Pods Manifest.lock */ = {
			isa = PBXShellScriptBuildPhase;
			buildActionMask = 2147483647;
			files = (
			);
			inputPaths = (
			);
			name = "[CP] Check Pods Manifest.lock";
			outputPaths = (
			);
			runOnlyForDeploymentPostprocessing = 0;
			shellPath = /bin/sh;
			shellScript = "diff \"${PODS_ROOT}/../Podfile.lock\" \"${PODS_ROOT}/Manifest.lock\" > /dev/null\nif [[ $? != 0 ]] ; then\n    cat << EOM\nerror: The sandbox is not in sync with the Podfile.lock. Run 'pod install' or update your CocoaPods installation.\nEOM\n    exit 1\nfi\n";
			showEnvVarsInLog = 0;
		};
/* End PBXShellScriptBuildPhase section */

/* Begin PBXSourcesBuildPhase section */
		893C5EB11E415337000379EF /* Sources */ = {
			isa = PBXSourcesBuildPhase;
			buildActionMask = 2147483647;
			files = (
				893C5EC11E415337000379EF /* Flicks.xcdatamodeld in Sources */,
				891CE3241E4A97F1002F006B /* movieVC.swift in Sources */,
				893C5EB91E415337000379EF /* AppDelegate.swift in Sources */,
				893C5ED11E42E13B000379EF /* MovieCell.swift in Sources */,
				893C5ECE1E4154AC000379EF /* MoviesViewController.swift in Sources */,
			);
			runOnlyForDeploymentPostprocessing = 0;
		};
/* End PBXSourcesBuildPhase section */

/* Begin PBXVariantGroup section */
		893C5EBC1E415337000379EF /* Main.storyboard */ = {
			isa = PBXVariantGroup;
			children = (
				893C5EBD1E415337000379EF /* Base */,
			);
			name = Main.storyboard;
			sourceTree = "<group>";
		};
		893C5EC41E415337000379EF /* LaunchScreen.storyboard */ = {
			isa = PBXVariantGroup;
			children = (
				893C5EC51E415337000379EF /* Base */,
			);
			name = LaunchScreen.storyboard;
			sourceTree = "<group>";
		};
/* End PBXVariantGroup section */

/* Begin XCBuildConfiguration section */
		893C5EC81E415337000379EF /* Debug */ = {
			isa = XCBuildConfiguration;
			buildSettings = {
				ALWAYS_SEARCH_USER_PATHS = NO;
				CLANG_ANALYZER_NONNULL = YES;
				CLANG_CXX_LANGUAGE_STANDARD = "gnu++0x";
				CLANG_CXX_LIBRARY = "libc++";
				CLANG_ENABLE_MODULES = YES;
				CLANG_ENABLE_OBJC_ARC = YES;
				CLANG_WARN_BOOL_CONVERSION = YES;
				CLANG_WARN_CONSTANT_CONVERSION = YES;
				CLANG_WARN_DIRECT_OBJC_ISA_USAGE = YES_ERROR;
				CLANG_WARN_DOCUMENTATION_COMMENTS = YES;
				CLANG_WARN_EMPTY_BODY = YES;
				CLANG_WARN_ENUM_CONVERSION = YES;
				CLANG_WARN_INFINITE_RECURSION = YES;
				CLANG_WARN_INT_CONVERSION = YES;
				CLANG_WARN_OBJC_ROOT_CLASS = YES_ERROR;
				CLANG_WARN_SUSPICIOUS_MOVE = YES;
				CLANG_WARN_UNREACHABLE_CODE = YES;
				CLANG_WARN__DUPLICATE_METHOD_MATCH = YES;
				"CODE_SIGN_IDENTITY[sdk=iphoneos*]" = "iPhone Developer";
				COPY_PHASE_STRIP = NO;
				DEBUG_INFORMATION_FORMAT = dwarf;
				ENABLE_STRICT_OBJC_MSGSEND = YES;
				ENABLE_TESTABILITY = YES;
				GCC_C_LANGUAGE_STANDARD = gnu99;
				GCC_DYNAMIC_NO_PIC = NO;
				GCC_NO_COMMON_BLOCKS = YES;
				GCC_OPTIMIZATION_LEVEL = 0;
				GCC_PREPROCESSOR_DEFINITIONS = (
					"DEBUG=1",
					"$(inherited)",
				);
				GCC_WARN_64_TO_32_BIT_CONVERSION = YES;
				GCC_WARN_ABOUT_RETURN_TYPE = YES_ERROR;
				GCC_WARN_UNDECLARED_SELECTOR = YES;
				GCC_WARN_UNINITIALIZED_AUTOS = YES_AGGRESSIVE;
				GCC_WARN_UNUSED_FUNCTION = YES;
				GCC_WARN_UNUSED_VARIABLE = YES;
				IPHONEOS_DEPLOYMENT_TARGET = 10.2;
				MTL_ENABLE_DEBUG_INFO = YES;
				ONLY_ACTIVE_ARCH = YES;
				SDKROOT = iphoneos;
				SWIFT_ACTIVE_COMPILATION_CONDITIONS = DEBUG;
				SWIFT_OPTIMIZATION_LEVEL = "-Onone";
			};
			name = Debug;
		};
		893C5EC91E415337000379EF /* Release */ = {
			isa = XCBuildConfiguration;
			buildSettings = {
				ALWAYS_SEARCH_USER_PATHS = NO;
				CLANG_ANALYZER_NONNULL = YES;
				CLANG_CXX_LANGUAGE_STANDARD = "gnu++0x";
				CLANG_CXX_LIBRARY = "libc++";
				CLANG_ENABLE_MODULES = YES;
				CLANG_ENABLE_OBJC_ARC = YES;
				CLANG_WARN_BOOL_CONVERSION = YES;
				CLANG_WARN_CONSTANT_CONVERSION = YES;
				CLANG_WARN_DIRECT_OBJC_ISA_USAGE = YES_ERROR;
				CLANG_WARN_DOCUMENTATION_COMMENTS = YES;
				CLANG_WARN_EMPTY_BODY = YES;
				CLANG_WARN_ENUM_CONVERSION = YES;
				CLANG_WARN_INFINITE_RECURSION = YES;
				CLANG_WARN_INT_CONVERSION = YES;
				CLANG_WARN_OBJC_ROOT_CLASS = YES_ERROR;
				CLANG_WARN_SUSPICIOUS_MOVE = YES;
				CLANG_WARN_UNREACHABLE_CODE = YES;
				CLANG_WARN__DUPLICATE_METHOD_MATCH = YES;
				"CODE_SIGN_IDENTITY[sdk=iphoneos*]" = "iPhone Developer";
				COPY_PHASE_STRIP = NO;
				DEBUG_INFORMATION_FORMAT = "dwarf-with-dsym";
				ENABLE_NS_ASSERTIONS = NO;
				ENABLE_STRICT_OBJC_MSGSEND = YES;
				GCC_C_LANGUAGE_STANDARD = gnu99;
				GCC_NO_COMMON_BLOCKS = YES;
				GCC_WARN_64_TO_32_BIT_CONVERSION = YES;
				GCC_WARN_ABOUT_RETURN_TYPE = YES_ERROR;
				GCC_WARN_UNDECLARED_SELECTOR = YES;
				GCC_WARN_UNINITIALIZED_AUTOS = YES_AGGRESSIVE;
				GCC_WARN_UNUSED_FUNCTION = YES;
				GCC_WARN_UNUSED_VARIABLE = YES;
				IPHONEOS_DEPLOYMENT_TARGET = 10.2;
				MTL_ENABLE_DEBUG_INFO = NO;
				SDKROOT = iphoneos;
				SWIFT_OPTIMIZATION_LEVEL = "-Owholemodule";
				VALIDATE_PRODUCT = YES;
			};
			name = Release;
		};
		893C5ECB1E415337000379EF /* Debug */ = {
			isa = XCBuildConfiguration;
			baseConfigurationReference = 8F4A929DF8C701BDFBB27816 /* Pods-Flicks.debug.xcconfig */;
			buildSettings = {
				ASSETCATALOG_COMPILER_APPICON_NAME = AppIcon;
				DEVELOPMENT_TEAM = WD5637H5AA;
				INFOPLIST_FILE = Flicks/Info.plist;
				LD_RUNPATH_SEARCH_PATHS = "$(inherited) @executable_path/Frameworks";
				PRODUCT_BUNDLE_IDENTIFIER = adityadhingra.com.Flicks;
				PRODUCT_NAME = "$(TARGET_NAME)";
				SWIFT_VERSION = 3.0;
			};
			name = Debug;
		};
		893C5ECC1E415337000379EF /* Release */ = {
			isa = XCBuildConfiguration;
			baseConfigurationReference = BD0EE346B2EE76830F913A1A /* Pods-Flicks.release.xcconfig */;
			buildSettings = {
				ASSETCATALOG_COMPILER_APPICON_NAME = AppIcon;
				DEVELOPMENT_TEAM = WD5637H5AA;
				INFOPLIST_FILE = Flicks/Info.plist;
				LD_RUNPATH_SEARCH_PATHS = "$(inherited) @executable_path/Frameworks";
				PRODUCT_BUNDLE_IDENTIFIER = adityadhingra.com.Flicks;
				PRODUCT_NAME = "$(TARGET_NAME)";
				SWIFT_VERSION = 3.0;
			};
			name = Release;
		};
/* End XCBuildConfiguration section */

/* Begin XCConfigurationList section */
		893C5EB01E415337000379EF /* Build configuration list for PBXProject "Flicks" */ = {
			isa = XCConfigurationList;
			buildConfigurations = (
				893C5EC81E415337000379EF /* Debug */,
				893C5EC91E415337000379EF /* Release */,
			);
			defaultConfigurationIsVisible = 0;
			defaultConfigurationName = Release;
		};
		893C5ECA1E415337000379EF /* Build configuration list for PBXNativeTarget "Flicks" */ = {
			isa = XCConfigurationList;
			buildConfigurations = (
				893C5ECB1E415337000379EF /* Debug */,
				893C5ECC1E415337000379EF /* Release */,
			);
			defaultConfigurationIsVisible = 0;
			defaultConfigurationName = Release;
		};
/* End XCConfigurationList section */

/* Begin XCVersionGroup section */
		893C5EBF1E415337000379EF /* Flicks.xcdatamodeld */ = {
			isa = XCVersionGroup;
			children = (
				893C5EC01E415337000379EF /* Flicks.xcdatamodel */,
			);
			currentVersion = 893C5EC01E415337000379EF /* Flicks.xcdatamodel */;
			path = Flicks.xcdatamodeld;
			sourceTree = "<group>";
			versionGroupType = wrapper.xcdatamodel;
		};
/* End XCVersionGroup section */
	};
	rootObject = 893C5EAD1E415337000379EF /* Project object */;
}
